// !$*UTF8*$!
{
	archiveVersion = 1;
	classes = {
	};
	objectVersion = 55;
	objects = {

/* Begin PBXBuildFile section */
		A872ABD728FDD83300ED0045 /* AppDelegate.swift in Sources */ = {isa = PBXBuildFile; fileRef = A872ABD628FDD83300ED0045 /* AppDelegate.swift */; };
		A872ABD928FDD83300ED0045 /* SceneDelegate.swift in Sources */ = {isa = PBXBuildFile; fileRef = A872ABD828FDD83300ED0045 /* SceneDelegate.swift */; };
		A872ABDB28FDD83300ED0045 /* ViewController.swift in Sources */ = {isa = PBXBuildFile; fileRef = A872ABDA28FDD83300ED0045 /* ViewController.swift */; };
		A872ABDE28FDD83300ED0045 /* Main.storyboard in Resources */ = {isa = PBXBuildFile; fileRef = A872ABDC28FDD83300ED0045 /* Main.storyboard */; };
		A872ABE128FDD83300ED0045 /* CinthiaColeccionDeJuegos.xcdatamodeld in Sources */ = {isa = PBXBuildFile; fileRef = A872ABDF28FDD83300ED0045 /* CinthiaColeccionDeJuegos.xcdatamodeld */; };
		A872ABE328FDD83900ED0045 /* Assets.xcassets in Resources */ = {isa = PBXBuildFile; fileRef = A872ABE228FDD83900ED0045 /* Assets.xcassets */; };
		A872ABE628FDD83900ED0045 /* LaunchScreen.storyboard in Resources */ = {isa = PBXBuildFile; fileRef = A872ABE428FDD83900ED0045 /* LaunchScreen.storyboard */; };
		A872ABEE28FDE9B300ED0045 /* JuegosViewController.swift in Sources */ = {isa = PBXBuildFile; fileRef = A872ABED28FDE9B200ED0045 /* JuegosViewController.swift */; };
/* End PBXBuildFile section */

/* Begin PBXFileReference section */
		A872ABD328FDD83300ED0045 /* CinthiaColeccionDeJuegos.app */ = {isa = PBXFileReference; explicitFileType = wrapper.application; includeInIndex = 0; path = CinthiaColeccionDeJuegos.app; sourceTree = BUILT_PRODUCTS_DIR; };
		A872ABD628FDD83300ED0045 /* AppDelegate.swift */ = {isa = PBXFileReference; lastKnownFileType = sourcecode.swift; path = AppDelegate.swift; sourceTree = "<group>"; };
		A872ABD828FDD83300ED0045 /* SceneDelegate.swift */ = {isa = PBXFileReference; lastKnownFileType = sourcecode.swift; path = SceneDelegate.swift; sourceTree = "<group>"; };
		A872ABDA28FDD83300ED0045 /* ViewController.swift */ = {isa = PBXFileReference; lastKnownFileType = sourcecode.swift; path = ViewController.swift; sourceTree = "<group>"; };
		A872ABDD28FDD83300ED0045 /* Base */ = {isa = PBXFileReference; lastKnownFileType = file.storyboard; name = Base; path = Base.lproj/Main.storyboard; sourceTree = "<group>"; };
		A872ABE028FDD83300ED0045 /* CinthiaColeccionDeJuegos.xcdatamodel */ = {isa = PBXFileReference; lastKnownFileType = wrapper.xcdatamodel; path = CinthiaColeccionDeJuegos.xcdatamodel; sourceTree = "<group>"; };
		A872ABE228FDD83900ED0045 /* Assets.xcassets */ = {isa = PBXFileReference; lastKnownFileType = folder.assetcatalog; path = Assets.xcassets; sourceTree = "<group>"; };
		A872ABE528FDD83900ED0045 /* Base */ = {isa = PBXFileReference; lastKnownFileType = file.storyboard; name = Base; path = Base.lproj/LaunchScreen.storyboard; sourceTree = "<group>"; };
		A872ABE728FDD83900ED0045 /* Info.plist */ = {isa = PBXFileReference; lastKnownFileType = text.plist.xml; path = Info.plist; sourceTree = "<group>"; };
		A872ABED28FDE9B200ED0045 /* JuegosViewController.swift */ = {isa = PBXFileReference; lastKnownFileType = sourcecode.swift; path = JuegosViewController.swift; sourceTree = "<group>"; };
/* End PBXFileReference section */

/* Begin PBXFrameworksBuildPhase section */
		A872ABD028FDD83300ED0045 /* Frameworks */ = {
			isa = PBXFrameworksBuildPhase;
			buildActionMask = 2147483647;
			files = (
			);
			runOnlyForDeploymentPostprocessing = 0;
		};
/* End PBXFrameworksBuildPhase section */

/* Begin PBXGroup section */
		A872ABCA28FDD83300ED0045 = {
			isa = PBXGroup;
			children = (
				A872ABD528FDD83300ED0045 /* CinthiaColeccionDeJuegos */,
				A872ABD428FDD83300ED0045 /* Products */,
			);
			sourceTree = "<group>";
		};
		A872ABD428FDD83300ED0045 /* Products */ = {
			isa = PBXGroup;
			children = (
				A872ABD328FDD83300ED0045 /* CinthiaColeccionDeJuegos.app */,
			);
			name = Products;
			sourceTree = "<group>";
		};
		A872ABD528FDD83300ED0045 /* CinthiaColeccionDeJuegos */ = {
			isa = PBXGroup;
			children = (
				A872ABD628FDD83300ED0045 /* AppDelegate.swift */,
				A872ABD828FDD83300ED0045 /* SceneDelegate.swift */,
				A872ABDA28FDD83300ED0045 /* ViewController.swift */,
				A872ABDC28FDD83300ED0045 /* Main.storyboard */,
				A872ABED28FDE9B200ED0045 /* JuegosViewController.swift */,
				A872ABE228FDD83900ED0045 /* Assets.xcassets */,
				A872ABE428FDD83900ED0045 /* LaunchScreen.storyboard */,
				A872ABE728FDD83900ED0045 /* Info.plist */,
				A872ABDF28FDD83300ED0045 /* CinthiaColeccionDeJuegos.xcdatamodeld */,
			);
			path = CinthiaColeccionDeJuegos;
			sourceTree = "<group>";
		};
/* End PBXGroup section */

/* Begin PBXNativeTarget section */
		A872ABD228FDD83300ED0045 /* CinthiaColeccionDeJuegos */ = {
			isa = PBXNativeTarget;
			buildConfigurationList = A872ABEA28FDD83900ED0045 /* Build configuration list for PBXNativeTarget "CinthiaColeccionDeJuegos" */;
			buildPhases = (
				A872ABCF28FDD83300ED0045 /* Sources */,
				A872ABD028FDD83300ED0045 /* Frameworks */,
				A872ABD128FDD83300ED0045 /* Resources */,
			);
			buildRules = (
			);
			dependencies = (
			);
			name = CinthiaColeccionDeJuegos;
			productName = CinthiaColeccionDeJuegos;
			productReference = A872ABD328FDD83300ED0045 /* CinthiaColeccionDeJuegos.app */;
			productType = "com.apple.product-type.application";
		};
/* End PBXNativeTarget section */

/* Begin PBXProject section */
		A872ABCB28FDD83300ED0045 /* Project object */ = {
			isa = PBXProject;
			attributes = {
				BuildIndependentTargetsInParallel = 1;
				LastSwiftUpdateCheck = 1340;
				LastUpgradeCheck = 1340;
				TargetAttributes = {
					A872ABD228FDD83300ED0045 = {
						CreatedOnToolsVersion = 13.4.1;
					};
				};
			};
			buildConfigurationList = A872ABCE28FDD83300ED0045 /* Build configuration list for PBXProject "CinthiaColeccionDeJuegos" */;
			compatibilityVersion = "Xcode 13.0";
			developmentRegion = en;
			hasScannedForEncodings = 0;
			knownRegions = (
				en,
				Base,
			);
			mainGroup = A872ABCA28FDD83300ED0045;
			productRefGroup = A872ABD428FDD83300ED0045 /* Products */;
			projectDirPath = "";
			projectRoot = "";
			targets = (
				A872ABD228FDD83300ED0045 /* CinthiaColeccionDeJuegos */,
			);
		};
/* End PBXProject section */

/* Begin PBXResourcesBuildPhase section */
		A872ABD128FDD83300ED0045 /* Resources */ = {
			isa = PBXResourcesBuildPhase;
			buildActionMask = 2147483647;
			files = (
				A872ABE628FDD83900ED0045 /* LaunchScreen.storyboard in Resources */,
				A872ABE328FDD83900ED0045 /* Assets.xcassets in Resources */,
				A872ABDE28FDD83300ED0045 /* Main.storyboard in Resources */,
			);
			runOnlyForDeploymentPostprocessing = 0;
		};
/* End PBXResourcesBuildPhase section */

/* Begin PBXSourcesBuildPhase section */
		A872ABCF28FDD83300ED0045 /* Sources */ = {
			isa = PBXSourcesBuildPhase;
			buildActionMask = 2147483647;
			files = (
				A872ABEE28FDE9B300ED0045 /* JuegosViewController.swift in Sources */,
				A872ABDB28FDD83300ED0045 /* ViewController.swift in Sources */,
				A872ABD728FDD83300ED0045 /* AppDelegate.swift in Sources */,
				A872ABE128FDD83300ED0045 /* CinthiaColeccionDeJuegos.xcdatamodeld in Sources */,
				A872ABD928FDD83300ED0045 /* SceneDelegate.swift in Sources */,
			);
			runOnlyForDeploymentPostprocessing = 0;
		};
/* End PBXSourcesBuildPhase section */

/* Begin PBXVariantGroup section */
		A872ABDC28FDD83300ED0045 /* Main.storyboard */ = {
			isa = PBXVariantGroup;
			children = (
				A872ABDD28FDD83300ED0045 /* Base */,
			);
			name = Main.storyboard;
			sourceTree = "<group>";
		};
		A872ABE428FDD83900ED0045 /* LaunchScreen.storyboard */ = {
			isa = PBXVariantGroup;
			children = (
				A872ABE528FDD83900ED0045 /* Base */,
			);
			name = LaunchScreen.storyboard;
			sourceTree = "<group>";
		};
/* End PBXVariantGroup section */

/* Begin XCBuildConfiguration section */
		A872ABE828FDD83900ED0045 /* Debug */ = {
			isa = XCBuildConfiguration;
			buildSettings = {
				ALWAYS_SEARCH_USER_PATHS = NO;
				CLANG_ANALYZER_NONNULL = YES;
				CLANG_ANALYZER_NUMBER_OBJECT_CONVERSION = YES_AGGRESSIVE;
				CLANG_CXX_LANGUAGE_STANDARD = "gnu++17";
				CLANG_ENABLE_MODULES = YES;
				CLANG_ENABLE_OBJC_ARC = YES;
				CLANG_ENABLE_OBJC_WEAK = YES;
				CLANG_WARN_BLOCK_CAPTURE_AUTORELEASING = YES;
				CLANG_WARN_BOOL_CONVERSION = YES;
				CLANG_WARN_COMMA = YES;
				CLANG_WARN_CONSTANT_CONVERSION = YES;
				CLANG_WARN_DEPRECATED_OBJC_IMPLEMENTATIONS = YES;
				CLANG_WARN_DIRECT_OBJC_ISA_USAGE = YES_ERROR;
				CLANG_WARN_DOCUMENTATION_COMMENTS = YES;
				CLANG_WARN_EMPTY_BODY = YES;
				CLANG_WARN_ENUM_CONVERSION = YES;
				CLANG_WARN_INFINITE_RECURSION = YES;
				CLANG_WARN_INT_CONVERSION = YES;
				CLANG_WARN_NON_LITERAL_NULL_CONVERSION = YES;
				CLANG_WARN_OBJC_IMPLICIT_RETAIN_SELF = YES;
				CLANG_WARN_OBJC_LITERAL_CONVERSION = YES;
				CLANG_WARN_OBJC_ROOT_CLASS = YES_ERROR;
				CLANG_WARN_QUOTED_INCLUDE_IN_FRAMEWORK_HEADER = YES;
				CLANG_WARN_RANGE_LOOP_ANALYSIS = YES;
				CLANG_WARN_STRICT_PROTOTYPES = YES;
				CLANG_WARN_SUSPICIOUS_MOVE = YES;
				CLANG_WARN_UNGUARDED_AVAILABILITY = YES_AGGRESSIVE;
				CLANG_WARN_UNREACHABLE_CODE = YES;
				CLANG_WARN__DUPLICATE_METHOD_MATCH = YES;
				COPY_PHASE_STRIP = NO;
				DEBUG_INFORMATION_FORMAT = dwarf;
				ENABLE_STRICT_OBJC_MSGSEND = YES;
				ENABLE_TESTABILITY = YES;
				GCC_C_LANGUAGE_STANDARD = gnu11;
				GCC_DYNAMIC_NO_PIC = NO;
				GCC_NO_COMMON_BLOCKS = YES;
				GCC_OPTIMIZATION_LEVEL = 0;
				GCC_PREPROCESSOR_DEFINITIONS = (
					"DEBUG=1",
					"$(inherited)",
				);
				GCC_WARN_64_TO_32_BIT_CONVERSION = YES;
				GCC_WARN_ABOUT_RETURN_TYPE = YES_ERROR;
				GCC_WARN_UNDECLARED_SELECTOR = YES;
				GCC_WARN_UNINITIALIZED_AUTOS = YES_AGGRESSIVE;
				GCC_WARN_UNUSED_FUNCTION = YES;
				GCC_WARN_UNUSED_VARIABLE = YES;
				IPHONEOS_DEPLOYMENT_TARGET = 15.5;
				MTL_ENABLE_DEBUG_INFO = INCLUDE_SOURCE;
				MTL_FAST_MATH = YES;
				ONLY_ACTIVE_ARCH = YES;
				SDKROOT = iphoneos;
				SWIFT_ACTIVE_COMPILATION_CONDITIONS = DEBUG;
				SWIFT_OPTIMIZATION_LEVEL = "-Onone";
			};
			name = Debug;
		};
		A872ABE928FDD83900ED0045 /* Release */ = {
			isa = XCBuildConfiguration;
			buildSettings = {
				ALWAYS_SEARCH_USER_PATHS = NO;
				CLANG_ANALYZER_NONNULL = YES;
				CLANG_ANALYZER_NUMBER_OBJECT_CONVERSION = YES_AGGRESSIVE;
				CLANG_CXX_LANGUAGE_STANDARD = "gnu++17";
				CLANG_ENABLE_MODULES = YES;
				CLANG_ENABLE_OBJC_ARC = YES;
				CLANG_ENABLE_OBJC_WEAK = YES;
				CLANG_WARN_BLOCK_CAPTURE_AUTORELEASING = YES;
				CLANG_WARN_BOOL_CONVERSION = YES;
				CLANG_WARN_COMMA = YES;
				CLANG_WARN_CONSTANT_CONVERSION = YES;
				CLANG_WARN_DEPRECATED_OBJC_IMPLEMENTATIONS = YES;
				CLANG_WARN_DIRECT_OBJC_ISA_USAGE = YES_ERROR;
				CLANG_WARN_DOCUMENTATION_COMMENTS = YES;
				CLANG_WARN_EMPTY_BODY = YES;
				CLANG_WARN_ENUM_CONVERSION = YES;
				CLANG_WARN_INFINITE_RECURSION = YES;
				CLANG_WARN_INT_CONVERSION = YES;
				CLANG_WARN_NON_LITERAL_NULL_CONVERSION = YES;
				CLANG_WARN_OBJC_IMPLICIT_RETAIN_SELF = YES;
				CLANG_WARN_OBJC_LITERAL_CONVERSION = YES;
				CLANG_WARN_OBJC_ROOT_CLASS = YES_ERROR;
				CLANG_WARN_QUOTED_INCLUDE_IN_FRAMEWORK_HEADER = YES;
				CLANG_WARN_RANGE_LOOP_ANALYSIS = YES;
				CLANG_WARN_STRICT_PROTOTYPES = YES;
				CLANG_WARN_SUSPICIOUS_MOVE = YES;
				CLANG_WARN_UNGUARDED_AVAILABILITY = YES_AGGRESSIVE;
				CLANG_WARN_UNREACHABLE_CODE = YES;
				CLANG_WARN__DUPLICATE_METHOD_MATCH = YES;
				COPY_PHASE_STRIP = NO;
				DEBUG_INFORMATION_FORMAT = "dwarf-with-dsym";
				ENABLE_NS_ASSERTIONS = NO;
				ENABLE_STRICT_OBJC_MSGSEND = YES;
				GCC_C_LANGUAGE_STANDARD = gnu11;
				GCC_NO_COMMON_BLOCKS = YES;
				GCC_WARN_64_TO_32_BIT_CONVERSION = YES;
				GCC_WARN_ABOUT_RETURN_TYPE = YES_ERROR;
				GCC_WARN_UNDECLARED_SELECTOR = YES;
				GCC_WARN_UNINITIALIZED_AUTOS = YES_AGGRESSIVE;
				GCC_WARN_UNUSED_FUNCTION = YES;
				GCC_WARN_UNUSED_VARIABLE = YES;
				IPHONEOS_DEPLOYMENT_TARGET = 15.5;
				MTL_ENABLE_DEBUG_INFO = NO;
				MTL_FAST_MATH = YES;
				SDKROOT = iphoneos;
				SWIFT_COMPILATION_MODE = wholemodule;
				SWIFT_OPTIMIZATION_LEVEL = "-O";
				VALIDATE_PRODUCT = YES;
			};
			name = Release;
		};
		A872ABEB28FDD83900ED0045 /* Debug */ = {
			isa = XCBuildConfiguration;
			buildSettings = {
				ASSETCATALOG_COMPILER_APPICON_NAME = AppIcon;
				ASSETCATALOG_COMPILER_GLOBAL_ACCENT_COLOR_NAME = AccentColor;
				CODE_SIGN_STYLE = Automatic;
				CURRENT_PROJECT_VERSION = 1;
				GENERATE_INFOPLIST_FILE = YES;
				INFOPLIST_FILE = CinthiaColeccionDeJuegos/Info.plist;
				INFOPLIST_KEY_UIApplicationSupportsIndirectInputEvents = YES;
				INFOPLIST_KEY_UILaunchStoryboardName = LaunchScreen;
				INFOPLIST_KEY_UIMainStoryboardFile = Main;
				INFOPLIST_KEY_UISupportedInterfaceOrientations_iPad = "UIInterfaceOrientationPortrait UIInterfaceOrientationPortraitUpsideDown UIInterfaceOrientationLandscapeLeft UIInterfaceOrientationLandscapeRight";
				INFOPLIST_KEY_UISupportedInterfaceOrientations_iPhone = "UIInterfaceOrientationPortrait UIInterfaceOrientationLandscapeLeft UIInterfaceOrientationLandscapeRight";
				LD_RUNPATH_SEARCH_PATHS = (
					"$(inherited)",
					"@executable_path/Frameworks",
				);
				MARKETING_VERSION = 1.0;
				PRODUCT_BUNDLE_IDENTIFIER = cca.com.CinthiaColeccionDeJuegos;
				PRODUCT_NAME = "$(TARGET_NAME)";
				SWIFT_EMIT_LOC_STRINGS = YES;
				SWIFT_VERSION = 5.0;
				TARGETED_DEVICE_FAMILY = "1,2";
			};
			name = Debug;
		};
		A872ABEC28FDD83900ED0045 /* Release */ = {
			isa = XCBuildConfiguration;
			buildSettings = {
				ASSETCATALOG_COMPILER_APPICON_NAME = AppIcon;
				ASSETCATALOG_COMPILER_GLOBAL_ACCENT_COLOR_NAME = AccentColor;
				CODE_SIGN_STYLE = Automatic;
				CURRENT_PROJECT_VERSION = 1;
				GENERATE_INFOPLIST_FILE = YES;
				INFOPLIST_FILE = CinthiaColeccionDeJuegos/Info.plist;
				INFOPLIST_KEY_UIApplicationSupportsIndirectInputEvents = YES;
				INFOPLIST_KEY_UILaunchStoryboardName = LaunchScreen;
				INFOPLIST_KEY_UIMainStoryboardFile = Main;
				INFOPLIST_KEY_UISupportedInterfaceOrientations_iPad = "UIInterfaceOrientationPortrait UIInterfaceOrientationPortraitUpsideDown UIInterfaceOrientationLandscapeLeft UIInterfaceOrientationLandscapeRight";
				INFOPLIST_KEY_UISupportedInterfaceOrientations_iPhone = "UIInterfaceOrientationPortrait UIInterfaceOrientationLandscapeLeft UIInterfaceOrientationLandscapeRight";
				LD_RUNPATH_SEARCH_PATHS = (
					"$(inherited)",
					"@executable_path/Frameworks",
				);
				MARKETING_VERSION = 1.0;
				PRODUCT_BUNDLE_IDENTIFIER = cca.com.CinthiaColeccionDeJuegos;
				PRODUCT_NAME = "$(TARGET_NAME)";
				SWIFT_EMIT_LOC_STRINGS = YES;
				SWIFT_VERSION = 5.0;
				TARGETED_DEVICE_FAMILY = "1,2";
			};
			name = Release;
		};
/* End XCBuildConfiguration section */

/* Begin XCConfigurationList section */
		A872ABCE28FDD83300ED0045 /* Build configuration list for PBXProject "CinthiaColeccionDeJuegos" */ = {
			isa = XCConfigurationList;
			buildConfigurations = (
				A872ABE828FDD83900ED0045 /* Debug */,
				A872ABE928FDD83900ED0045 /* Release */,
			);
			defaultConfigurationIsVisible = 0;
			defaultConfigurationName = Release;
		};
		A872ABEA28FDD83900ED0045 /* Build configuration list for PBXNativeTarget "CinthiaColeccionDeJuegos" */ = {
			isa = XCConfigurationList;
			buildConfigurations = (
				A872ABEB28FDD83900ED0045 /* Debug */,
				A872ABEC28FDD83900ED0045 /* Release */,
			);
			defaultConfigurationIsVisible = 0;
			defaultConfigurationName = Release;
		};
/* End XCConfigurationList section */

/* Begin XCVersionGroup section */
		A872ABDF28FDD83300ED0045 /* CinthiaColeccionDeJuegos.xcdatamodeld */ = {
			isa = XCVersionGroup;
			children = (
				A872ABE028FDD83300ED0045 /* CinthiaColeccionDeJuegos.xcdatamodel */,
			);
			currentVersion = A872ABE028FDD83300ED0045 /* CinthiaColeccionDeJuegos.xcdatamodel */;
			path = CinthiaColeccionDeJuegos.xcdatamodeld;
			sourceTree = "<group>";
			versionGroupType = wrapper.xcdatamodel;
		};
/* End XCVersionGroup section */
	};
	rootObject = A872ABCB28FDD83300ED0045 /* Project object */;
}
